
Microsoft Visual Studio Solution File, Format Version 12.00
# Visual Studio Version 17
VisualStudioVersion = 17.3.32825.248
MinimumVisualStudioVersion = 10.0.40219.1
Project("{FAE04EC0-301F-11D3-BF4B-00C04F79EFBC}") = "Temat_15pd", "Temat_15pd\Temat_15pd.csproj", "{AF2B8A49-E03C-4D77-97A2-9E93F47C40EE}"
EndProject
Global
	GlobalSection(SolutionConfigurationPlatforms) = preSolution
		Debug|Any CPU = Debug|Any CPU
		Release|Any CPU = Release|Any CPU
	EndGlobalSection
	GlobalSection(ProjectConfigurationPlatforms) = postSolution
		{AF2B8A49-E03C-4D77-97A2-9E93F47C40EE}.Debug|Any CPU.ActiveCfg = Debug|Any CPU
		{AF2B8A49-E03C-4D77-97A2-9E93F47C40EE}.Debug|Any CPU.Build.0 = Debug|Any CPU
		{AF2B8A49-E03C-4D77-97A2-9E93F47C40EE}.Release|Any CPU.ActiveCfg = Release|Any CPU
		{AF2B8A49-E03C-4D77-97A2-9E93F47C40EE}.Release|Any CPU.Build.0 = Release|Any CPU
	EndGlobalSection
	GlobalSection(SolutionProperties) = preSolution
		HideSolutionNode = FALSE
	EndGlobalSection
	GlobalSection(ExtensibilityGlobals) = postSolution
		SolutionGuid = {937CB760-2BDE-4FF7-89A7-7124B7D2AE2A}
	EndGlobalSection
EndGlobal
